
Microsoft Visual Studio Solution File, Format Version 12.00
# Visual Studio Version 16
VisualStudioVersion = 16.0.30804.86
MinimumVisualStudioVersion = 10.0.40219.1
Project("{FAE04EC0-301F-11D3-BF4B-00C04F79EFBC}") = "PaddysMods", "PaddysMods\PaddysMods.csproj", "{6620ECA5-CFE1-444D-B43D-D976A9F5528C}"
EndProject
Project("{FAE04EC0-301F-11D3-BF4B-00C04F79EFBC}") = "ValheimPluginTemplate", "ValheimPluginTemplate\ValheimPluginTemplate.csproj", "{AB6C307C-1B08-41AF-BFE4-C323A526FF6A}"
EndProject
Project("{FAE04EC0-301F-11D3-BF4B-00C04F79EFBC}") = "SkillfulProgression", "SkillfulProgression\SkillfulProgression.csproj", "{839B8834-35E8-4E94-B960-B648C38E4C7C}"
EndProject
Project("{FAE04EC0-301F-11D3-BF4B-00C04F79EFBC}") = "StackingNotifications", "StackingNotifications\StackingNotifications.csproj", "{6FFFC2DD-EA68-4670-9972-0EFCDD36BB10}"
EndProject
Project("{FAE04EC0-301F-11D3-BF4B-00C04F79EFBC}") = "ItemDropDecayConfig", "ItemDropDecayConfig\ItemDropDecayConfig.csproj", "{D8CC261A-1146-4727-A27C-9E166857FA8F}"
EndProject
Global
	GlobalSection(SolutionConfigurationPlatforms) = preSolution
		Debug|Any CPU = Debug|Any CPU
		Debug|x64 = Debug|x64
		Release|Any CPU = Release|Any CPU
		Release|x64 = Release|x64
	EndGlobalSection
	GlobalSection(ProjectConfigurationPlatforms) = postSolution
		{6620ECA5-CFE1-444D-B43D-D976A9F5528C}.Debug|Any CPU.ActiveCfg = Debug|Any CPU
		{6620ECA5-CFE1-444D-B43D-D976A9F5528C}.Debug|Any CPU.Build.0 = Debug|Any CPU
		{6620ECA5-CFE1-444D-B43D-D976A9F5528C}.Debug|x64.ActiveCfg = Debug|Any CPU
		{6620ECA5-CFE1-444D-B43D-D976A9F5528C}.Debug|x64.Build.0 = Debug|Any CPU
		{6620ECA5-CFE1-444D-B43D-D976A9F5528C}.Release|Any CPU.ActiveCfg = Release|Any CPU
		{6620ECA5-CFE1-444D-B43D-D976A9F5528C}.Release|Any CPU.Build.0 = Release|Any CPU
		{6620ECA5-CFE1-444D-B43D-D976A9F5528C}.Release|x64.ActiveCfg = Release|Any CPU
		{6620ECA5-CFE1-444D-B43D-D976A9F5528C}.Release|x64.Build.0 = Release|Any CPU
		{839B8834-35E8-4E94-B960-B648C38E4C7C}.Debug|Any CPU.ActiveCfg = Debug|Any CPU
		{839B8834-35E8-4E94-B960-B648C38E4C7C}.Debug|Any CPU.Build.0 = Debug|Any CPU
		{839B8834-35E8-4E94-B960-B648C38E4C7C}.Debug|x64.ActiveCfg = Debug|Any CPU
		{839B8834-35E8-4E94-B960-B648C38E4C7C}.Debug|x64.Build.0 = Debug|Any CPU
		{839B8834-35E8-4E94-B960-B648C38E4C7C}.Release|Any CPU.ActiveCfg = Release|Any CPU
		{839B8834-35E8-4E94-B960-B648C38E4C7C}.Release|Any CPU.Build.0 = Release|Any CPU
		{839B8834-35E8-4E94-B960-B648C38E4C7C}.Release|x64.ActiveCfg = Release|Any CPU
		{839B8834-35E8-4E94-B960-B648C38E4C7C}.Release|x64.Build.0 = Release|Any CPU
		{6FFFC2DD-EA68-4670-9972-0EFCDD36BB10}.Debug|Any CPU.ActiveCfg = Debug|Any CPU
		{6FFFC2DD-EA68-4670-9972-0EFCDD36BB10}.Debug|Any CPU.Build.0 = Debug|Any CPU
		{6FFFC2DD-EA68-4670-9972-0EFCDD36BB10}.Debug|x64.ActiveCfg = Debug|Any CPU
		{6FFFC2DD-EA68-4670-9972-0EFCDD36BB10}.Debug|x64.Build.0 = Debug|Any CPU
		{6FFFC2DD-EA68-4670-9972-0EFCDD36BB10}.Release|Any CPU.ActiveCfg = Release|Any CPU
		{6FFFC2DD-EA68-4670-9972-0EFCDD36BB10}.Release|Any CPU.Build.0 = Release|Any CPU
		{6FFFC2DD-EA68-4670-9972-0EFCDD36BB10}.Release|x64.ActiveCfg = Release|Any CPU
		{6FFFC2DD-EA68-4670-9972-0EFCDD36BB10}.Release|x64.Build.0 = Release|Any CPU
		{D8CC261A-1146-4727-A27C-9E166857FA8F}.Debug|Any CPU.ActiveCfg = Debug|Any CPU
		{D8CC261A-1146-4727-A27C-9E166857FA8F}.Debug|Any CPU.Build.0 = Debug|Any CPU
		{D8CC261A-1146-4727-A27C-9E166857FA8F}.Debug|x64.ActiveCfg = Debug|Any CPU
		{D8CC261A-1146-4727-A27C-9E166857FA8F}.Debug|x64.Build.0 = Debug|Any CPU
		{D8CC261A-1146-4727-A27C-9E166857FA8F}.Release|Any CPU.ActiveCfg = Release|Any CPU
		{D8CC261A-1146-4727-A27C-9E166857FA8F}.Release|Any CPU.Build.0 = Release|Any CPU
		{D8CC261A-1146-4727-A27C-9E166857FA8F}.Release|x64.ActiveCfg = Release|Any CPU
		{D8CC261A-1146-4727-A27C-9E166857FA8F}.Release|x64.Build.0 = Release|Any CPU
	EndGlobalSection
	GlobalSection(SolutionProperties) = preSolution
		HideSolutionNode = FALSE
	EndGlobalSection
	GlobalSection(ExtensibilityGlobals) = postSolution
		SolutionGuid = {9C2E35C5-5057-4407-8B22-AFD5BD90D954}
	EndGlobalSection
EndGlobal
